
Microsoft Visual Studio Solution File, Format Version 10.00
# Visual Studio 2008
Project("{FAE04EC0-301F-11D3-BF4B-00C04F79EFBC}") = "Singer Dispatch", "Singer Dispatch\Singer Dispatch.csproj", "{C894195B-431C-493C-9809-5C500B149651}"
EndProject
Project("{FAE04EC0-301F-11D3-BF4B-00C04F79EFBC}") = "Singer Data Importer", "Singer Data Importer\Singer Data Importer.csproj", "{383E23CF-696A-41D1-A06F-CF24ECE9B7EB}"
EndProject
Global
	GlobalSection(SolutionConfigurationPlatforms) = preSolution
		Debug|Any CPU = Debug|Any CPU
		Release|Any CPU = Release|Any CPU
	EndGlobalSection
	GlobalSection(ProjectConfigurationPlatforms) = postSolution
		{C894195B-431C-493C-9809-5C500B149651}.Debug|Any CPU.ActiveCfg = Debug|Any CPU
		{C894195B-431C-493C-9809-5C500B149651}.Debug|Any CPU.Build.0 = Debug|Any CPU
		{C894195B-431C-493C-9809-5C500B149651}.Release|Any CPU.ActiveCfg = Release|Any CPU
		{C894195B-431C-493C-9809-5C500B149651}.Release|Any CPU.Build.0 = Release|Any CPU
		{383E23CF-696A-41D1-A06F-CF24ECE9B7EB}.Debug|Any CPU.ActiveCfg = Debug|Any CPU
		{383E23CF-696A-41D1-A06F-CF24ECE9B7EB}.Debug|Any CPU.Build.0 = Debug|Any CPU
		{383E23CF-696A-41D1-A06F-CF24ECE9B7EB}.Release|Any CPU.ActiveCfg = Release|Any CPU
		{383E23CF-696A-41D1-A06F-CF24ECE9B7EB}.Release|Any CPU.Build.0 = Release|Any CPU
	EndGlobalSection
	GlobalSection(SolutionProperties) = preSolution
		HideSolutionNode = FALSE
	EndGlobalSection
EndGlobal
